// !$*UTF8*$!
{
	archiveVersion = 1;
	classes = {
	};
	objectVersion = 55;
	objects = {

/* Begin PBXBuildFile section */
		6800EDD627B06B0100461643 /* MessageErrors.swift in Sources */ = {isa = PBXBuildFile; fileRef = 6800EDD527B06B0100461643 /* MessageErrors.swift */; };
		6800EDD827B06C3600461643 /* ChatData.swift in Sources */ = {isa = PBXBuildFile; fileRef = 6800EDD727B06C3600461643 /* ChatData.swift */; };
		680A3B4528CEB2F500E784E8 /* AddressInformation.swift in Sources */ = {isa = PBXBuildFile; fileRef = 680A3B4428CEB2F500E784E8 /* AddressInformation.swift */; };
		68135B8029403CA500760038 /* SecurityCodeTextBox.swift in Sources */ = {isa = PBXBuildFile; fileRef = 68135B7F29403CA500760038 /* SecurityCodeTextBox.swift */; };
		681AB5C727A650F700B1629B /* ItemDetails.swift in Sources */ = {isa = PBXBuildFile; fileRef = 681AB5C627A650F700B1629B /* ItemDetails.swift */; };
		682292E928DE9FB200F2A8BF /* UIResponderExtension.swift in Sources */ = {isa = PBXBuildFile; fileRef = 682292E828DE9FB200F2A8BF /* UIResponderExtension.swift */; };
		6823B7D227990199008F2CB7 /* NetworkingHelper.swift in Sources */ = {isa = PBXBuildFile; fileRef = 6823B7D127990199008F2CB7 /* NetworkingHelper.swift */; };
		6823B7D427990844008F2CB7 /* AddItems.swift in Sources */ = {isa = PBXBuildFile; fileRef = 6823B7D327990844008F2CB7 /* AddItems.swift */; };
		6823B7D627991322008F2CB7 /* AddItemsViewModel.swift in Sources */ = {isa = PBXBuildFile; fileRef = 6823B7D527991322008F2CB7 /* AddItemsViewModel.swift */; };
		6823B7D9279913A4008F2CB7 /* PhotoPicker.swift in Sources */ = {isa = PBXBuildFile; fileRef = 6823B7D8279913A4008F2CB7 /* PhotoPicker.swift */; };
		6823D74727C72BD8001876A8 /* IdentifiableView.swift in Sources */ = {isa = PBXBuildFile; fileRef = 6823D74627C72BD8001876A8 /* IdentifiableView.swift */; };
		6825899F27A7179C003E52D9 /* ResponseFromServer.swift in Sources */ = {isa = PBXBuildFile; fileRef = 6825899E27A7179C003E52D9 /* ResponseFromServer.swift */; };
		682DE035285F8D7900B0EC69 /* ResetPassword.swift in Sources */ = {isa = PBXBuildFile; fileRef = 682DE034285F8D7900B0EC69 /* ResetPassword.swift */; };
		682E193F27DD2F4700C304DA /* Register.swift in Sources */ = {isa = PBXBuildFile; fileRef = 682E193E27DD2F4700C304DA /* Register.swift */; };
		682E194127DD2F5E00C304DA /* LogIn.swift in Sources */ = {isa = PBXBuildFile; fileRef = 682E194027DD2F5E00C304DA /* LogIn.swift */; };
		682E194327DD2FBC00C304DA /* RegisterViewModel.swift in Sources */ = {isa = PBXBuildFile; fileRef = 682E194227DD2FBC00C304DA /* RegisterViewModel.swift */; };
		682E194527DD423E00C304DA /* RegisterUser.swift in Sources */ = {isa = PBXBuildFile; fileRef = 682E194427DD423E00C304DA /* RegisterUser.swift */; };
		682E194727DD426C00C304DA /* User.swift in Sources */ = {isa = PBXBuildFile; fileRef = 682E194627DD426C00C304DA /* User.swift */; };
		683854B927E2CDE6008E4F88 /* ServiceUser.swift in Sources */ = {isa = PBXBuildFile; fileRef = 683854B827E2CDE6008E4F88 /* ServiceUser.swift */; };
		683854BC27E2CE19008E4F88 /* UserErrors.swift in Sources */ = {isa = PBXBuildFile; fileRef = 683854BB27E2CE19008E4F88 /* UserErrors.swift */; };
		683C6B9028C98C07005790A5 /* MapSearch.swift in Sources */ = {isa = PBXBuildFile; fileRef = 683C6B8F28C98C07005790A5 /* MapSearch.swift */; };
		684219DE28DC2ED400936369 /* RegistrationFormEnum.swift in Sources */ = {isa = PBXBuildFile; fileRef = 684219DD28DC2ED400936369 /* RegistrationFormEnum.swift */; };
		684452D228406AAD0019DF7F /* PlaceholderStyling.swift in Sources */ = {isa = PBXBuildFile; fileRef = 684452D128406AAD0019DF7F /* PlaceholderStyling.swift */; };
		684452D428406F8E0019DF7F /* ForgotPassword.swift in Sources */ = {isa = PBXBuildFile; fileRef = 684452D328406F8E0019DF7F /* ForgotPassword.swift */; };
		684867832798BAC70033969D /* RoseGoldMarketApp.swift in Sources */ = {isa = PBXBuildFile; fileRef = 684867822798BAC70033969D /* RoseGoldMarketApp.swift */; };
		684867852798BAC70033969D /* ContentView.swift in Sources */ = {isa = PBXBuildFile; fileRef = 684867842798BAC70033969D /* ContentView.swift */; };
		684867872798BAC80033969D /* Assets.xcassets in Resources */ = {isa = PBXBuildFile; fileRef = 684867862798BAC80033969D /* Assets.xcassets */; };
		6848678A2798BAC80033969D /* Preview Assets.xcassets in Resources */ = {isa = PBXBuildFile; fileRef = 684867892798BAC80033969D /* Preview Assets.xcassets */; };
		684867922798BB060033969D /* HomeMarket.swift in Sources */ = {isa = PBXBuildFile; fileRef = 684867912798BB060033969D /* HomeMarket.swift */; };
		684867962798C9710033969D /* Item.swift in Sources */ = {isa = PBXBuildFile; fileRef = 684867952798C9710033969D /* Item.swift */; };
		684867982798CCF20033969D /* CategoryMapper.swift in Sources */ = {isa = PBXBuildFile; fileRef = 684867972798CCF20033969D /* CategoryMapper.swift */; };
		6848679B2798CD9A0033969D /* ItemForBackend.swift in Sources */ = {isa = PBXBuildFile; fileRef = 6848679A2798CD9A0033969D /* ItemForBackend.swift */; };
		6848679E2798D5CB0033969D /* ItemService.swift in Sources */ = {isa = PBXBuildFile; fileRef = 6848679D2798D5CB0033969D /* ItemService.swift */; };
		684B923027D27DD800CF25D9 /* ItemNameAndId.swift in Sources */ = {isa = PBXBuildFile; fileRef = 684B922F27D27DD800CF25D9 /* ItemNameAndId.swift */; };
		684B923227D2BA7B00CF25D9 /* EditItem.swift in Sources */ = {isa = PBXBuildFile; fileRef = 684B923127D2BA7B00CF25D9 /* EditItem.swift */; };
		684F3EDD29496DBD00D1D40A /* SecurityCodeFields.swift in Sources */ = {isa = PBXBuildFile; fileRef = 684F3EDC29496DBD00D1D40A /* SecurityCodeFields.swift */; };
		6866FA2427B345880052B8A5 /* SocketStuff.swift in Sources */ = {isa = PBXBuildFile; fileRef = 6866FA2327B345880052B8A5 /* SocketStuff.swift */; };
		6878BCC827F26C7F00CD071A /* InputChecker.swift in Sources */ = {isa = PBXBuildFile; fileRef = 6878BCC727F26C7F00CD071A /* InputChecker.swift */; };
		6878BCCB27F270C700CD071A /* badwords.txt in Resources */ = {isa = PBXBuildFile; fileRef = 6878BCCA27F270C700CD071A /* badwords.txt */; };
		687A0BCB28602E23003B76D1 /* UnderlineTextFieldModifier.swift in Sources */ = {isa = PBXBuildFile; fileRef = 687A0BCA28602E23003B76D1 /* UnderlineTextFieldModifier.swift */; };
		688591BB29077FF1006CE699 /* AccountVerificationErrors.swift in Sources */ = {isa = PBXBuildFile; fileRef = 688591BA29077FF1006CE699 /* AccountVerificationErrors.swift */; };
		688F476827C86C1800B81715 /* AccountDetailsView.swift in Sources */ = {isa = PBXBuildFile; fileRef = 688F476727C86C1800B81715 /* AccountDetailsView.swift */; };
		68A4296427D1C15600CC8DF2 /* AddressInfo.swift in Sources */ = {isa = PBXBuildFile; fileRef = 68A4296327D1C15600CC8DF2 /* AddressInfo.swift */; };
		68A73B0127D6874900DC2C04 /* EditItemViewModel.swift in Sources */ = {isa = PBXBuildFile; fileRef = 68A73B0027D6874900DC2C04 /* EditItemViewModel.swift */; };
		68A90D7927A2560100CD3768 /* EnumsForAddItemsView.swift in Sources */ = {isa = PBXBuildFile; fileRef = 68A90D7827A2560100CD3768 /* EnumsForAddItemsView.swift */; };
		68BDD46E28DE65F700FCE429 /* KeyboardNotificationPublisher.swift in Sources */ = {isa = PBXBuildFile; fileRef = 68BDD46D28DE65F700FCE429 /* KeyboardNotificationPublisher.swift */; };
		68C305FD28DA60070041EEB2 /* AddProfilePic.swift in Sources */ = {isa = PBXBuildFile; fileRef = 68C305FC28DA60070041EEB2 /* AddProfilePic.swift */; };
		68C489FF27A4ADBC00AEF0F5 /* HomeMarketViewModel.swift in Sources */ = {isa = PBXBuildFile; fileRef = 68C489FE27A4ADBC00AEF0F5 /* HomeMarketViewModel.swift */; };
		68C48A0127A4AE8A00AEF0F5 /* ItemTile.swift in Sources */ = {isa = PBXBuildFile; fileRef = 68C48A0027A4AE8A00AEF0F5 /* ItemTile.swift */; };
		68C48A0427A4AFA200AEF0F5 /* ItemPreview.swift in Sources */ = {isa = PBXBuildFile; fileRef = 68C48A0327A4AFA200AEF0F5 /* ItemPreview.swift */; };
		68D1FC0E291B7CF9000EC54D /* FacebookShare in Frameworks */ = {isa = PBXBuildFile; productRef = 68D1FC0D291B7CF9000EC54D /* FacebookShare */; };
		68D7FC4E279923DD00F9CFBB /* PlantPictureOptions.swift in Sources */ = {isa = PBXBuildFile; fileRef = 68D7FC4D279923DD00F9CFBB /* PlantPictureOptions.swift */; };
		68DFE8A327B4230F00190CD7 /* SocketIO in Frameworks */ = {isa = PBXBuildFile; productRef = 68DFE8A227B4230F00190CD7 /* SocketIO */; };
		68E083D627ACAFA600DA0110 /* MessageList.swift in Sources */ = {isa = PBXBuildFile; fileRef = 68E083D527ACAFA600DA0110 /* MessageList.swift */; };
		68E083D827ACAFC400DA0110 /* MessageThread.swift in Sources */ = {isa = PBXBuildFile; fileRef = 68E083D727ACAFC400DA0110 /* MessageThread.swift */; };
		68E083DB27ACB02300DA0110 /* MessagingViewModel.swift in Sources */ = {isa = PBXBuildFile; fileRef = 68E083DA27ACB02300DA0110 /* MessagingViewModel.swift */; };
		68E083DF27ACBE4000DA0110 /* MessagingService.swift in Sources */ = {isa = PBXBuildFile; fileRef = 68E083DE27ACBE4000DA0110 /* MessagingService.swift */; };
		68E9192627D01AA000154DBB /* AccountOptions.swift in Sources */ = {isa = PBXBuildFile; fileRef = 68E9192527D01AA000154DBB /* AccountOptions.swift */; };
		68E9192927D025CD00154DBB /* EmailSupport.swift in Sources */ = {isa = PBXBuildFile; fileRef = 68E9192827D025CD00154DBB /* EmailSupport.swift */; };
		68E9192B27D025DC00154DBB /* ChangeLocation.swift in Sources */ = {isa = PBXBuildFile; fileRef = 68E9192A27D025DC00154DBB /* ChangeLocation.swift */; };
		68E9192D27D026E300154DBB /* FavoriteItems.swift in Sources */ = {isa = PBXBuildFile; fileRef = 68E9192C27D026E300154DBB /* FavoriteItems.swift */; };
		68E9192F27D0276F00154DBB /* ChangeAvatar.swift in Sources */ = {isa = PBXBuildFile; fileRef = 68E9192E27D0276F00154DBB /* ChangeAvatar.swift */; };
		68E9193127D027AD00154DBB /* MyListings.swift in Sources */ = {isa = PBXBuildFile; fileRef = 68E9193027D027AD00154DBB /* MyListings.swift */; };
		68E9193327D02AD800154DBB /* EmailSupportViewModel.swift in Sources */ = {isa = PBXBuildFile; fileRef = 68E9193227D02AD800154DBB /* EmailSupportViewModel.swift */; };
		68E9193527D02BD400154DBB /* UserService.swift in Sources */ = {isa = PBXBuildFile; fileRef = 68E9193427D02BD400154DBB /* UserService.swift */; };
		68F5B5E328FB8FCE00E571A7 /* CustomTextBubble.swift in Sources */ = {isa = PBXBuildFile; fileRef = 68F5B5E228FB8FCE00E571A7 /* CustomTextBubble.swift */; };
		68F6188F27F1F5F3001BEF70 /* LocationManager.swift in Sources */ = {isa = PBXBuildFile; fileRef = 68F6188E27F1F5F3001BEF70 /* LocationManager.swift */; };
/* End PBXBuildFile section */

/* Begin PBXFileReference section */
		6800EDD527B06B0100461643 /* MessageErrors.swift */ = {isa = PBXFileReference; lastKnownFileType = sourcecode.swift; path = MessageErrors.swift; sourceTree = "<group>"; };
		6800EDD727B06C3600461643 /* ChatData.swift */ = {isa = PBXFileReference; lastKnownFileType = sourcecode.swift; path = ChatData.swift; sourceTree = "<group>"; };
		680A3B4428CEB2F500E784E8 /* AddressInformation.swift */ = {isa = PBXFileReference; lastKnownFileType = sourcecode.swift; path = AddressInformation.swift; sourceTree = "<group>"; };
		68135B7F29403CA500760038 /* SecurityCodeTextBox.swift */ = {isa = PBXFileReference; lastKnownFileType = sourcecode.swift; path = SecurityCodeTextBox.swift; sourceTree = "<group>"; };
		681AB5C627A650F700B1629B /* ItemDetails.swift */ = {isa = PBXFileReference; lastKnownFileType = sourcecode.swift; path = ItemDetails.swift; sourceTree = "<group>"; };
		682292E828DE9FB200F2A8BF /* UIResponderExtension.swift */ = {isa = PBXFileReference; lastKnownFileType = sourcecode.swift; path = UIResponderExtension.swift; sourceTree = "<group>"; };
		6823B7D127990199008F2CB7 /* NetworkingHelper.swift */ = {isa = PBXFileReference; lastKnownFileType = sourcecode.swift; path = NetworkingHelper.swift; sourceTree = "<group>"; };
		6823B7D327990844008F2CB7 /* AddItems.swift */ = {isa = PBXFileReference; lastKnownFileType = sourcecode.swift; path = AddItems.swift; sourceTree = "<group>"; };
		6823B7D527991322008F2CB7 /* AddItemsViewModel.swift */ = {isa = PBXFileReference; lastKnownFileType = sourcecode.swift; path = AddItemsViewModel.swift; sourceTree = "<group>"; };
		6823B7D8279913A4008F2CB7 /* PhotoPicker.swift */ = {isa = PBXFileReference; lastKnownFileType = sourcecode.swift; path = PhotoPicker.swift; sourceTree = "<group>"; };
		6823D74627C72BD8001876A8 /* IdentifiableView.swift */ = {isa = PBXFileReference; lastKnownFileType = sourcecode.swift; path = IdentifiableView.swift; sourceTree = "<group>"; };
		6825899E27A7179C003E52D9 /* ResponseFromServer.swift */ = {isa = PBXFileReference; lastKnownFileType = sourcecode.swift; path = ResponseFromServer.swift; sourceTree = "<group>"; };
		682BFD51288CEB9500818820 /* Info.plist */ = {isa = PBXFileReference; lastKnownFileType = text.plist; path = Info.plist; sourceTree = "<group>"; };
		682DE034285F8D7900B0EC69 /* ResetPassword.swift */ = {isa = PBXFileReference; lastKnownFileType = sourcecode.swift; path = ResetPassword.swift; sourceTree = "<group>"; };
		682E193E27DD2F4700C304DA /* Register.swift */ = {isa = PBXFileReference; lastKnownFileType = sourcecode.swift; path = Register.swift; sourceTree = "<group>"; };
		682E194027DD2F5E00C304DA /* LogIn.swift */ = {isa = PBXFileReference; lastKnownFileType = sourcecode.swift; path = LogIn.swift; sourceTree = "<group>"; };
		682E194227DD2FBC00C304DA /* RegisterViewModel.swift */ = {isa = PBXFileReference; lastKnownFileType = sourcecode.swift; path = RegisterViewModel.swift; sourceTree = "<group>"; };
		682E194427DD423E00C304DA /* RegisterUser.swift */ = {isa = PBXFileReference; lastKnownFileType = sourcecode.swift; path = RegisterUser.swift; sourceTree = "<group>"; };
		682E194627DD426C00C304DA /* User.swift */ = {isa = PBXFileReference; lastKnownFileType = sourcecode.swift; path = User.swift; sourceTree = "<group>"; };
		683854B827E2CDE6008E4F88 /* ServiceUser.swift */ = {isa = PBXFileReference; lastKnownFileType = sourcecode.swift; path = ServiceUser.swift; sourceTree = "<group>"; };
		683854BB27E2CE19008E4F88 /* UserErrors.swift */ = {isa = PBXFileReference; lastKnownFileType = sourcecode.swift; path = UserErrors.swift; sourceTree = "<group>"; };
		683C6B8F28C98C07005790A5 /* MapSearch.swift */ = {isa = PBXFileReference; lastKnownFileType = sourcecode.swift; path = MapSearch.swift; sourceTree = "<group>"; };
		684219DD28DC2ED400936369 /* RegistrationFormEnum.swift */ = {isa = PBXFileReference; lastKnownFileType = sourcecode.swift; path = RegistrationFormEnum.swift; sourceTree = "<group>"; };
		684452D128406AAD0019DF7F /* PlaceholderStyling.swift */ = {isa = PBXFileReference; lastKnownFileType = sourcecode.swift; path = PlaceholderStyling.swift; sourceTree = "<group>"; };
		684452D328406F8E0019DF7F /* ForgotPassword.swift */ = {isa = PBXFileReference; lastKnownFileType = sourcecode.swift; path = ForgotPassword.swift; sourceTree = "<group>"; };
		6848677F2798BAC70033969D /* RoseGoldMarket.app */ = {isa = PBXFileReference; explicitFileType = wrapper.application; includeInIndex = 0; path = RoseGoldMarket.app; sourceTree = BUILT_PRODUCTS_DIR; };
		684867822798BAC70033969D /* RoseGoldMarketApp.swift */ = {isa = PBXFileReference; lastKnownFileType = sourcecode.swift; path = RoseGoldMarketApp.swift; sourceTree = "<group>"; };
		684867842798BAC70033969D /* ContentView.swift */ = {isa = PBXFileReference; lastKnownFileType = sourcecode.swift; path = ContentView.swift; sourceTree = "<group>"; };
		684867862798BAC80033969D /* Assets.xcassets */ = {isa = PBXFileReference; lastKnownFileType = folder.assetcatalog; path = Assets.xcassets; sourceTree = "<group>"; };
		684867892798BAC80033969D /* Preview Assets.xcassets */ = {isa = PBXFileReference; lastKnownFileType = folder.assetcatalog; path = "Preview Assets.xcassets"; sourceTree = "<group>"; };
		684867912798BB060033969D /* HomeMarket.swift */ = {isa = PBXFileReference; lastKnownFileType = sourcecode.swift; path = HomeMarket.swift; sourceTree = "<group>"; };
		684867952798C9710033969D /* Item.swift */ = {isa = PBXFileReference; lastKnownFileType = sourcecode.swift; path = Item.swift; sourceTree = "<group>"; };
		684867972798CCF20033969D /* CategoryMapper.swift */ = {isa = PBXFileReference; lastKnownFileType = sourcecode.swift; path = CategoryMapper.swift; sourceTree = "<group>"; };
		6848679A2798CD9A0033969D /* ItemForBackend.swift */ = {isa = PBXFileReference; lastKnownFileType = sourcecode.swift; path = ItemForBackend.swift; sourceTree = "<group>"; };
		6848679D2798D5CB0033969D /* ItemService.swift */ = {isa = PBXFileReference; lastKnownFileType = sourcecode.swift; path = ItemService.swift; sourceTree = "<group>"; };
		684B922F27D27DD800CF25D9 /* ItemNameAndId.swift */ = {isa = PBXFileReference; lastKnownFileType = sourcecode.swift; path = ItemNameAndId.swift; sourceTree = "<group>"; };
		684B923127D2BA7B00CF25D9 /* EditItem.swift */ = {isa = PBXFileReference; lastKnownFileType = sourcecode.swift; path = EditItem.swift; sourceTree = "<group>"; };
		684F3EDC29496DBD00D1D40A /* SecurityCodeFields.swift */ = {isa = PBXFileReference; lastKnownFileType = sourcecode.swift; path = SecurityCodeFields.swift; sourceTree = "<group>"; };
		6866FA2327B345880052B8A5 /* SocketStuff.swift */ = {isa = PBXFileReference; lastKnownFileType = sourcecode.swift; path = SocketStuff.swift; sourceTree = "<group>"; };
		68722E2A28F3C41600E214A0 /* RoseGoldMarket.entitlements */ = {isa = PBXFileReference; lastKnownFileType = text.plist.entitlements; path = RoseGoldMarket.entitlements; sourceTree = "<group>"; };
		6878BCC727F26C7F00CD071A /* InputChecker.swift */ = {isa = PBXFileReference; lastKnownFileType = sourcecode.swift; path = InputChecker.swift; sourceTree = "<group>"; };
		6878BCCA27F270C700CD071A /* badwords.txt */ = {isa = PBXFileReference; lastKnownFileType = text; path = badwords.txt; sourceTree = "<group>"; };
		687A0BCA28602E23003B76D1 /* UnderlineTextFieldModifier.swift */ = {isa = PBXFileReference; lastKnownFileType = sourcecode.swift; path = UnderlineTextFieldModifier.swift; sourceTree = "<group>"; };
		688591BA29077FF1006CE699 /* AccountVerificationErrors.swift */ = {isa = PBXFileReference; lastKnownFileType = sourcecode.swift; path = AccountVerificationErrors.swift; sourceTree = "<group>"; };
		688F476727C86C1800B81715 /* AccountDetailsView.swift */ = {isa = PBXFileReference; lastKnownFileType = sourcecode.swift; path = AccountDetailsView.swift; sourceTree = "<group>"; };
		68A4296327D1C15600CC8DF2 /* AddressInfo.swift */ = {isa = PBXFileReference; lastKnownFileType = sourcecode.swift; path = AddressInfo.swift; sourceTree = "<group>"; };
		68A73B0027D6874900DC2C04 /* EditItemViewModel.swift */ = {isa = PBXFileReference; lastKnownFileType = sourcecode.swift; path = EditItemViewModel.swift; sourceTree = "<group>"; };
		68A90D7827A2560100CD3768 /* EnumsForAddItemsView.swift */ = {isa = PBXFileReference; lastKnownFileType = sourcecode.swift; path = EnumsForAddItemsView.swift; sourceTree = "<group>"; };
		68BDD46D28DE65F700FCE429 /* KeyboardNotificationPublisher.swift */ = {isa = PBXFileReference; lastKnownFileType = sourcecode.swift; path = KeyboardNotificationPublisher.swift; sourceTree = "<group>"; };
		68C305FC28DA60070041EEB2 /* AddProfilePic.swift */ = {isa = PBXFileReference; lastKnownFileType = sourcecode.swift; path = AddProfilePic.swift; sourceTree = "<group>"; };
		68C489FE27A4ADBC00AEF0F5 /* HomeMarketViewModel.swift */ = {isa = PBXFileReference; lastKnownFileType = sourcecode.swift; path = HomeMarketViewModel.swift; sourceTree = "<group>"; };
		68C48A0027A4AE8A00AEF0F5 /* ItemTile.swift */ = {isa = PBXFileReference; lastKnownFileType = sourcecode.swift; path = ItemTile.swift; sourceTree = "<group>"; };
		68C48A0327A4AFA200AEF0F5 /* ItemPreview.swift */ = {isa = PBXFileReference; lastKnownFileType = sourcecode.swift; path = ItemPreview.swift; sourceTree = "<group>"; };
		68D7FC4D279923DD00F9CFBB /* PlantPictureOptions.swift */ = {isa = PBXFileReference; lastKnownFileType = sourcecode.swift; path = PlantPictureOptions.swift; sourceTree = "<group>"; };
		68E083D527ACAFA600DA0110 /* MessageList.swift */ = {isa = PBXFileReference; lastKnownFileType = sourcecode.swift; path = MessageList.swift; sourceTree = "<group>"; };
		68E083D727ACAFC400DA0110 /* MessageThread.swift */ = {isa = PBXFileReference; lastKnownFileType = sourcecode.swift; path = MessageThread.swift; sourceTree = "<group>"; };
		68E083DA27ACB02300DA0110 /* MessagingViewModel.swift */ = {isa = PBXFileReference; lastKnownFileType = sourcecode.swift; path = MessagingViewModel.swift; sourceTree = "<group>"; };
		68E083DE27ACBE4000DA0110 /* MessagingService.swift */ = {isa = PBXFileReference; lastKnownFileType = sourcecode.swift; path = MessagingService.swift; sourceTree = "<group>"; };
		68E9192527D01AA000154DBB /* AccountOptions.swift */ = {isa = PBXFileReference; lastKnownFileType = sourcecode.swift; path = AccountOptions.swift; sourceTree = "<group>"; };
		68E9192827D025CD00154DBB /* EmailSupport.swift */ = {isa = PBXFileReference; lastKnownFileType = sourcecode.swift; path = EmailSupport.swift; sourceTree = "<group>"; };
		68E9192A27D025DC00154DBB /* ChangeLocation.swift */ = {isa = PBXFileReference; lastKnownFileType = sourcecode.swift; path = ChangeLocation.swift; sourceTree = "<group>"; };
		68E9192C27D026E300154DBB /* FavoriteItems.swift */ = {isa = PBXFileReference; lastKnownFileType = sourcecode.swift; path = FavoriteItems.swift; sourceTree = "<group>"; };
		68E9192E27D0276F00154DBB /* ChangeAvatar.swift */ = {isa = PBXFileReference; lastKnownFileType = sourcecode.swift; path = ChangeAvatar.swift; sourceTree = "<group>"; };
		68E9193027D027AD00154DBB /* MyListings.swift */ = {isa = PBXFileReference; lastKnownFileType = sourcecode.swift; path = MyListings.swift; sourceTree = "<group>"; };
		68E9193227D02AD800154DBB /* EmailSupportViewModel.swift */ = {isa = PBXFileReference; lastKnownFileType = sourcecode.swift; path = EmailSupportViewModel.swift; sourceTree = "<group>"; };
		68E9193427D02BD400154DBB /* UserService.swift */ = {isa = PBXFileReference; lastKnownFileType = sourcecode.swift; path = UserService.swift; sourceTree = "<group>"; };
		68F5B5E228FB8FCE00E571A7 /* CustomTextBubble.swift */ = {isa = PBXFileReference; lastKnownFileType = sourcecode.swift; path = CustomTextBubble.swift; sourceTree = "<group>"; };
		68F6188E27F1F5F3001BEF70 /* LocationManager.swift */ = {isa = PBXFileReference; lastKnownFileType = sourcecode.swift; path = LocationManager.swift; sourceTree = "<group>"; };
/* End PBXFileReference section */

/* Begin PBXFrameworksBuildPhase section */
		6848677C2798BAC70033969D /* Frameworks */ = {
			isa = PBXFrameworksBuildPhase;
			buildActionMask = 2147483647;
			files = (
				68D1FC0E291B7CF9000EC54D /* FacebookShare in Frameworks */,
				68DFE8A327B4230F00190CD7 /* SocketIO in Frameworks */,
			);
			runOnlyForDeploymentPostprocessing = 0;
		};
/* End PBXFrameworksBuildPhase section */

/* Begin PBXGroup section */
		6800EDD427B06AEC00461643 /* Messages */ = {
			isa = PBXGroup;
			children = (
				6800EDD527B06B0100461643 /* MessageErrors.swift */,
			);
			name = Messages;
			sourceTree = "<group>";
		};
		6823B7D727991394008F2CB7 /* Utils */ = {
			isa = PBXGroup;
			children = (
				6878BCCA27F270C700CD071A /* badwords.txt */,
				6823B7D8279913A4008F2CB7 /* PhotoPicker.swift */,
				68D7FC4D279923DD00F9CFBB /* PlantPictureOptions.swift */,
				6878BCC727F26C7F00CD071A /* InputChecker.swift */,
				683C6B8F28C98C07005790A5 /* MapSearch.swift */,
				684219DD28DC2ED400936369 /* RegistrationFormEnum.swift */,
				68BDD46D28DE65F700FCE429 /* KeyboardNotificationPublisher.swift */,
				682292E828DE9FB200F2A8BF /* UIResponderExtension.swift */,
				684F3EDC29496DBD00D1D40A /* SecurityCodeFields.swift */,
			);
			path = Utils;
			sourceTree = "<group>";
		};
		683854B727E2CDAF008E4F88 /* User */ = {
			isa = PBXGroup;
			children = (
				683854B827E2CDE6008E4F88 /* ServiceUser.swift */,
			);
			path = User;
			sourceTree = "<group>";
		};
		683854BA27E2CE07008E4F88 /* Errors */ = {
			isa = PBXGroup;
			children = (
				683854BB27E2CE19008E4F88 /* UserErrors.swift */,
				688591BA29077FF1006CE699 /* AccountVerificationErrors.swift */,
			);
			path = Errors;
			sourceTree = "<group>";
		};
		684452D028406A7C0019DF7F /* ViewModifier */ = {
			isa = PBXGroup;
			children = (
				68F5B5E228FB8FCE00E571A7 /* CustomTextBubble.swift */,
				684452D128406AAD0019DF7F /* PlaceholderStyling.swift */,
				687A0BCA28602E23003B76D1 /* UnderlineTextFieldModifier.swift */,
				68135B7F29403CA500760038 /* SecurityCodeTextBox.swift */,
			);
			path = ViewModifier;
			sourceTree = "<group>";
		};
		684452D528406FB50019DF7F /* LoginRegistration */ = {
			isa = PBXGroup;
			children = (
				684452D328406F8E0019DF7F /* ForgotPassword.swift */,
				682E194027DD2F5E00C304DA /* LogIn.swift */,
				682E193E27DD2F4700C304DA /* Register.swift */,
				682DE034285F8D7900B0EC69 /* ResetPassword.swift */,
				68C305FC28DA60070041EEB2 /* AddProfilePic.swift */,
			);
			path = LoginRegistration;
			sourceTree = "<group>";
		};
		684867762798BAC70033969D = {
			isa = PBXGroup;
			children = (
				684867812798BAC70033969D /* RoseGoldMarket */,
				684867802798BAC70033969D /* Products */,
			);
			sourceTree = "<group>";
		};
		684867802798BAC70033969D /* Products */ = {
			isa = PBXGroup;
			children = (
				6848677F2798BAC70033969D /* RoseGoldMarket.app */,
			);
			name = Products;
			sourceTree = "<group>";
		};
		684867812798BAC70033969D /* RoseGoldMarket */ = {
			isa = PBXGroup;
			children = (
				68722E2A28F3C41600E214A0 /* RoseGoldMarket.entitlements */,
				682BFD51288CEB9500818820 /* Info.plist */,
				6823B7D727991394008F2CB7 /* Utils */,
				6848679C2798D5960033969D /* Networking */,
				684867942798C9440033969D /* Models */,
				684867932798BB720033969D /* ViewModels */,
				684867902798BAE30033969D /* Views */,
				684867822798BAC70033969D /* RoseGoldMarketApp.swift */,
				684867842798BAC70033969D /* ContentView.swift */,
				684867862798BAC80033969D /* Assets.xcassets */,
				684867882798BAC80033969D /* Preview Content */,
			);
			path = RoseGoldMarket;
			sourceTree = "<group>";
		};
		684867882798BAC80033969D /* Preview Content */ = {
			isa = PBXGroup;
			children = (
				684867892798BAC80033969D /* Preview Assets.xcassets */,
			);
			path = "Preview Content";
			sourceTree = "<group>";
		};
		684867902798BAE30033969D /* Views */ = {
			isa = PBXGroup;
			children = (
				684452D528406FB50019DF7F /* LoginRegistration */,
				684452D028406A7C0019DF7F /* ViewModifier */,
				68E9192727D025B000154DBB /* AccountOptions */,
				68E083D427ACAF8500DA0110 /* Messenger */,
				68C48A0227A4AF7F00AEF0F5 /* HomeMarket */,
				6823B7D327990844008F2CB7 /* AddItems.swift */,
				688F476727C86C1800B81715 /* AccountDetailsView.swift */,
			);
			path = Views;
			sourceTree = "<group>";
		};
		684867932798BB720033969D /* ViewModels */ = {
			isa = PBXGroup;
			children = (
				68E083D927ACAFD000DA0110 /* Messenger */,
				6823B7D527991322008F2CB7 /* AddItemsViewModel.swift */,
				68C489FE27A4ADBC00AEF0F5 /* HomeMarketViewModel.swift */,
				68E9193227D02AD800154DBB /* EmailSupportViewModel.swift */,
				68A73B0027D6874900DC2C04 /* EditItemViewModel.swift */,
				682E194227DD2FBC00C304DA /* RegisterViewModel.swift */,
			);
			path = ViewModels;
			sourceTree = "<group>";
		};
		684867942798C9440033969D /* Models */ = {
			isa = PBXGroup;
			children = (
				683854BA27E2CE07008E4F88 /* Errors */,
				68A90D7627A255C200CD3768 /* Enums */,
				684867992798CD870033969D /* DTOs */,
				684867952798C9710033969D /* Item.swift */,
				684867972798CCF20033969D /* CategoryMapper.swift */,
				68C48A0027A4AE8A00AEF0F5 /* ItemTile.swift */,
				6823D74627C72BD8001876A8 /* IdentifiableView.swift */,
				68A4296327D1C15600CC8DF2 /* AddressInfo.swift */,
				680A3B4428CEB2F500E784E8 /* AddressInformation.swift */,
			);
			path = Models;
			sourceTree = "<group>";
		};
		684867992798CD870033969D /* DTOs */ = {
			isa = PBXGroup;
			children = (
				683854B727E2CDAF008E4F88 /* User */,
				6848679A2798CD9A0033969D /* ItemForBackend.swift */,
				6825899E27A7179C003E52D9 /* ResponseFromServer.swift */,
				6800EDD727B06C3600461643 /* ChatData.swift */,
				684B922F27D27DD800CF25D9 /* ItemNameAndId.swift */,
				682E194427DD423E00C304DA /* RegisterUser.swift */,
				682E194627DD426C00C304DA /* User.swift */,
			);
			path = DTOs;
			sourceTree = "<group>";
		};
		6848679C2798D5960033969D /* Networking */ = {
			isa = PBXGroup;
			children = (
				6848679D2798D5CB0033969D /* ItemService.swift */,
				68E9193427D02BD400154DBB /* UserService.swift */,
				6823B7D127990199008F2CB7 /* NetworkingHelper.swift */,
				68E083DE27ACBE4000DA0110 /* MessagingService.swift */,
				6866FA2327B345880052B8A5 /* SocketStuff.swift */,
				68F6188E27F1F5F3001BEF70 /* LocationManager.swift */,
			);
			path = Networking;
			sourceTree = "<group>";
		};
		68A90D7627A255C200CD3768 /* Enums */ = {
			isa = PBXGroup;
			children = (
				6800EDD427B06AEC00461643 /* Messages */,
				68A90D7727A255D600CD3768 /* AddItemsView */,
			);
			path = Enums;
			sourceTree = "<group>";
		};
		68A90D7727A255D600CD3768 /* AddItemsView */ = {
			isa = PBXGroup;
			children = (
				68A90D7827A2560100CD3768 /* EnumsForAddItemsView.swift */,
			);
			name = AddItemsView;
			sourceTree = "<group>";
		};
		68C48A0227A4AF7F00AEF0F5 /* HomeMarket */ = {
			isa = PBXGroup;
			children = (
				684867912798BB060033969D /* HomeMarket.swift */,
				68C48A0327A4AFA200AEF0F5 /* ItemPreview.swift */,
				681AB5C627A650F700B1629B /* ItemDetails.swift */,
			);
			name = HomeMarket;
			sourceTree = "<group>";
		};
		68E083D427ACAF8500DA0110 /* Messenger */ = {
			isa = PBXGroup;
			children = (
				68E083D727ACAFC400DA0110 /* MessageThread.swift */,
				68E083D527ACAFA600DA0110 /* MessageList.swift */,
			);
			name = Messenger;
			sourceTree = "<group>";
		};
		68E083D927ACAFD000DA0110 /* Messenger */ = {
			isa = PBXGroup;
			children = (
				68E083DA27ACB02300DA0110 /* MessagingViewModel.swift */,
			);
			path = Messenger;
			sourceTree = "<group>";
		};
		68E9192727D025B000154DBB /* AccountOptions */ = {
			isa = PBXGroup;
			children = (
				68E9192527D01AA000154DBB /* AccountOptions.swift */,
				68E9192827D025CD00154DBB /* EmailSupport.swift */,
				68E9192A27D025DC00154DBB /* ChangeLocation.swift */,
				68E9192C27D026E300154DBB /* FavoriteItems.swift */,
				68E9192E27D0276F00154DBB /* ChangeAvatar.swift */,
				68E9193027D027AD00154DBB /* MyListings.swift */,
				684B923127D2BA7B00CF25D9 /* EditItem.swift */,
			);
			name = AccountOptions;
			sourceTree = "<group>";
		};
/* End PBXGroup section */

/* Begin PBXNativeTarget section */
		6848677E2798BAC70033969D /* RoseGoldMarket */ = {
			isa = PBXNativeTarget;
			buildConfigurationList = 6848678D2798BAC80033969D /* Build configuration list for PBXNativeTarget "RoseGoldMarket" */;
			buildPhases = (
				6848677B2798BAC70033969D /* Sources */,
				6848677C2798BAC70033969D /* Frameworks */,
				6848677D2798BAC70033969D /* Resources */,
			);
			buildRules = (
			);
			dependencies = (
			);
			name = RoseGoldMarket;
			packageProductDependencies = (
				68DFE8A227B4230F00190CD7 /* SocketIO */,
				68D1FC0D291B7CF9000EC54D /* FacebookShare */,
			);
			productName = RoseGoldMarket;
			productReference = 6848677F2798BAC70033969D /* RoseGoldMarket.app */;
			productType = "com.apple.product-type.application";
		};
/* End PBXNativeTarget section */

/* Begin PBXProject section */
		684867772798BAC70033969D /* Project object */ = {
			isa = PBXProject;
			attributes = {
				BuildIndependentTargetsInParallel = 1;
				LastSwiftUpdateCheck = 1310;
				LastUpgradeCheck = 1310;
				TargetAttributes = {
					6848677E2798BAC70033969D = {
						CreatedOnToolsVersion = 13.1;
					};
				};
			};
			buildConfigurationList = 6848677A2798BAC70033969D /* Build configuration list for PBXProject "RoseGoldMarket" */;
			compatibilityVersion = "Xcode 13.0";
			developmentRegion = en;
			hasScannedForEncodings = 0;
			knownRegions = (
				en,
				Base,
			);
			mainGroup = 684867762798BAC70033969D;
			packageReferences = (
				68DFE8A127B4230F00190CD7 /* XCRemoteSwiftPackageReference "socket" */,
				68D1FC0C291B7CF9000EC54D /* XCRemoteSwiftPackageReference "facebook-ios-sdk" */,
			);
			productRefGroup = 684867802798BAC70033969D /* Products */;
			projectDirPath = "";
			projectRoot = "";
			targets = (
				6848677E2798BAC70033969D /* RoseGoldMarket */,
			);
		};
/* End PBXProject section */

/* Begin PBXResourcesBuildPhase section */
		6848677D2798BAC70033969D /* Resources */ = {
			isa = PBXResourcesBuildPhase;
			buildActionMask = 2147483647;
			files = (
				6878BCCB27F270C700CD071A /* badwords.txt in Resources */,
				6848678A2798BAC80033969D /* Preview Assets.xcassets in Resources */,
				684867872798BAC80033969D /* Assets.xcassets in Resources */,
			);
			runOnlyForDeploymentPostprocessing = 0;
		};
/* End PBXResourcesBuildPhase section */

/* Begin PBXSourcesBuildPhase section */
		6848677B2798BAC70033969D /* Sources */ = {
			isa = PBXSourcesBuildPhase;
			buildActionMask = 2147483647;
			files = (
				68E9193327D02AD800154DBB /* EmailSupportViewModel.swift in Sources */,
				684219DE28DC2ED400936369 /* RegistrationFormEnum.swift in Sources */,
				68E083DF27ACBE4000DA0110 /* MessagingService.swift in Sources */,
				68A90D7927A2560100CD3768 /* EnumsForAddItemsView.swift in Sources */,
				684B923227D2BA7B00CF25D9 /* EditItem.swift in Sources */,
				6848679E2798D5CB0033969D /* ItemService.swift in Sources */,
				6823B7D9279913A4008F2CB7 /* PhotoPicker.swift in Sources */,
				681AB5C727A650F700B1629B /* ItemDetails.swift in Sources */,
				6823B7D227990199008F2CB7 /* NetworkingHelper.swift in Sources */,
				68E083D627ACAFA600DA0110 /* MessageList.swift in Sources */,
				682292E928DE9FB200F2A8BF /* UIResponderExtension.swift in Sources */,
				68C489FF27A4ADBC00AEF0F5 /* HomeMarketViewModel.swift in Sources */,
				682E194327DD2FBC00C304DA /* RegisterViewModel.swift in Sources */,
				6800EDD827B06C3600461643 /* ChatData.swift in Sources */,
				68A73B0127D6874900DC2C04 /* EditItemViewModel.swift in Sources */,
				684867982798CCF20033969D /* CategoryMapper.swift in Sources */,
				68C305FD28DA60070041EEB2 /* AddProfilePic.swift in Sources */,
				680A3B4528CEB2F500E784E8 /* AddressInformation.swift in Sources */,
				68E9193127D027AD00154DBB /* MyListings.swift in Sources */,
				682E193F27DD2F4700C304DA /* Register.swift in Sources */,
				68E083DB27ACB02300DA0110 /* MessagingViewModel.swift in Sources */,
				6823D74727C72BD8001876A8 /* IdentifiableView.swift in Sources */,
				6878BCC827F26C7F00CD071A /* InputChecker.swift in Sources */,
				68E9192B27D025DC00154DBB /* ChangeLocation.swift in Sources */,
				683C6B9028C98C07005790A5 /* MapSearch.swift in Sources */,
				68E9192627D01AA000154DBB /* AccountOptions.swift in Sources */,
				684B923027D27DD800CF25D9 /* ItemNameAndId.swift in Sources */,
				68135B8029403CA500760038 /* SecurityCodeTextBox.swift in Sources */,
				687A0BCB28602E23003B76D1 /* UnderlineTextFieldModifier.swift in Sources */,
				682E194527DD423E00C304DA /* RegisterUser.swift in Sources */,
				683854B927E2CDE6008E4F88 /* ServiceUser.swift in Sources */,
				688F476827C86C1800B81715 /* AccountDetailsView.swift in Sources */,
				68C48A0127A4AE8A00AEF0F5 /* ItemTile.swift in Sources */,
				683854BC27E2CE19008E4F88 /* UserErrors.swift in Sources */,
				68E9192D27D026E300154DBB /* FavoriteItems.swift in Sources */,
				684F3EDD29496DBD00D1D40A /* SecurityCodeFields.swift in Sources */,
				682E194127DD2F5E00C304DA /* LogIn.swift in Sources */,
				6848679B2798CD9A0033969D /* ItemForBackend.swift in Sources */,
				6823B7D427990844008F2CB7 /* AddItems.swift in Sources */,
				684452D228406AAD0019DF7F /* PlaceholderStyling.swift in Sources */,
				6800EDD627B06B0100461643 /* MessageErrors.swift in Sources */,
				6825899F27A7179C003E52D9 /* ResponseFromServer.swift in Sources */,
				68F5B5E328FB8FCE00E571A7 /* CustomTextBubble.swift in Sources */,
				68BDD46E28DE65F700FCE429 /* KeyboardNotificationPublisher.swift in Sources */,
				68E9192927D025CD00154DBB /* EmailSupport.swift in Sources */,
				6866FA2427B345880052B8A5 /* SocketStuff.swift in Sources */,
				682DE035285F8D7900B0EC69 /* ResetPassword.swift in Sources */,
				682E194727DD426C00C304DA /* User.swift in Sources */,
				684867962798C9710033969D /* Item.swift in Sources */,
				688591BB29077FF1006CE699 /* AccountVerificationErrors.swift in Sources */,
				684867852798BAC70033969D /* ContentView.swift in Sources */,
				684867922798BB060033969D /* HomeMarket.swift in Sources */,
				684867832798BAC70033969D /* RoseGoldMarketApp.swift in Sources */,
				6823B7D627991322008F2CB7 /* AddItemsViewModel.swift in Sources */,
				68C48A0427A4AFA200AEF0F5 /* ItemPreview.swift in Sources */,
				68E9193527D02BD400154DBB /* UserService.swift in Sources */,
				68D7FC4E279923DD00F9CFBB /* PlantPictureOptions.swift in Sources */,
				68E9192F27D0276F00154DBB /* ChangeAvatar.swift in Sources */,
				68A4296427D1C15600CC8DF2 /* AddressInfo.swift in Sources */,
				68E083D827ACAFC400DA0110 /* MessageThread.swift in Sources */,
				68F6188F27F1F5F3001BEF70 /* LocationManager.swift in Sources */,
				684452D428406F8E0019DF7F /* ForgotPassword.swift in Sources */,
			);
			runOnlyForDeploymentPostprocessing = 0;
		};
/* End PBXSourcesBuildPhase section */

/* Begin XCBuildConfiguration section */
		6848678B2798BAC80033969D /* Debug */ = {
			isa = XCBuildConfiguration;
			buildSettings = {
				ALWAYS_SEARCH_USER_PATHS = NO;
				CLANG_ANALYZER_NONNULL = YES;
				CLANG_ANALYZER_NUMBER_OBJECT_CONVERSION = YES_AGGRESSIVE;
				CLANG_CXX_LANGUAGE_STANDARD = "gnu++17";
				CLANG_CXX_LIBRARY = "libc++";
				CLANG_ENABLE_MODULES = YES;
				CLANG_ENABLE_OBJC_ARC = YES;
				CLANG_ENABLE_OBJC_WEAK = YES;
				CLANG_WARN_BLOCK_CAPTURE_AUTORELEASING = YES;
				CLANG_WARN_BOOL_CONVERSION = YES;
				CLANG_WARN_COMMA = YES;
				CLANG_WARN_CONSTANT_CONVERSION = YES;
				CLANG_WARN_DEPRECATED_OBJC_IMPLEMENTATIONS = YES;
				CLANG_WARN_DIRECT_OBJC_ISA_USAGE = YES_ERROR;
				CLANG_WARN_DOCUMENTATION_COMMENTS = YES;
				CLANG_WARN_EMPTY_BODY = YES;
				CLANG_WARN_ENUM_CONVERSION = YES;
				CLANG_WARN_INFINITE_RECURSION = YES;
				CLANG_WARN_INT_CONVERSION = YES;
				CLANG_WARN_NON_LITERAL_NULL_CONVERSION = YES;
				CLANG_WARN_OBJC_IMPLICIT_RETAIN_SELF = YES;
				CLANG_WARN_OBJC_LITERAL_CONVERSION = YES;
				CLANG_WARN_OBJC_ROOT_CLASS = YES_ERROR;
				CLANG_WARN_QUOTED_INCLUDE_IN_FRAMEWORK_HEADER = YES;
				CLANG_WARN_RANGE_LOOP_ANALYSIS = YES;
				CLANG_WARN_STRICT_PROTOTYPES = YES;
				CLANG_WARN_SUSPICIOUS_MOVE = YES;
				CLANG_WARN_UNGUARDED_AVAILABILITY = YES_AGGRESSIVE;
				CLANG_WARN_UNREACHABLE_CODE = YES;
				CLANG_WARN__DUPLICATE_METHOD_MATCH = YES;
				COPY_PHASE_STRIP = NO;
				DEBUG_INFORMATION_FORMAT = dwarf;
				ENABLE_STRICT_OBJC_MSGSEND = YES;
				ENABLE_TESTABILITY = YES;
				GCC_C_LANGUAGE_STANDARD = gnu11;
				GCC_DYNAMIC_NO_PIC = NO;
				GCC_NO_COMMON_BLOCKS = YES;
				GCC_OPTIMIZATION_LEVEL = 0;
				GCC_PREPROCESSOR_DEFINITIONS = (
					"DEBUG=1",
					"$(inherited)",
				);
				GCC_WARN_64_TO_32_BIT_CONVERSION = YES;
				GCC_WARN_ABOUT_RETURN_TYPE = YES_ERROR;
				GCC_WARN_UNDECLARED_SELECTOR = YES;
				GCC_WARN_UNINITIALIZED_AUTOS = YES_AGGRESSIVE;
				GCC_WARN_UNUSED_FUNCTION = YES;
				GCC_WARN_UNUSED_VARIABLE = YES;
				IPHONEOS_DEPLOYMENT_TARGET = 15.0;
				MTL_ENABLE_DEBUG_INFO = INCLUDE_SOURCE;
				MTL_FAST_MATH = YES;
				ONLY_ACTIVE_ARCH = YES;
				SDKROOT = iphoneos;
				SWIFT_ACTIVE_COMPILATION_CONDITIONS = DEBUG;
				SWIFT_OPTIMIZATION_LEVEL = "-Onone";
			};
			name = Debug;
		};
		6848678C2798BAC80033969D /* Release */ = {
			isa = XCBuildConfiguration;
			buildSettings = {
				ALWAYS_SEARCH_USER_PATHS = NO;
				CLANG_ANALYZER_NONNULL = YES;
				CLANG_ANALYZER_NUMBER_OBJECT_CONVERSION = YES_AGGRESSIVE;
				CLANG_CXX_LANGUAGE_STANDARD = "gnu++17";
				CLANG_CXX_LIBRARY = "libc++";
				CLANG_ENABLE_MODULES = YES;
				CLANG_ENABLE_OBJC_ARC = YES;
				CLANG_ENABLE_OBJC_WEAK = YES;
				CLANG_WARN_BLOCK_CAPTURE_AUTORELEASING = YES;
				CLANG_WARN_BOOL_CONVERSION = YES;
				CLANG_WARN_COMMA = YES;
				CLANG_WARN_CONSTANT_CONVERSION = YES;
				CLANG_WARN_DEPRECATED_OBJC_IMPLEMENTATIONS = YES;
				CLANG_WARN_DIRECT_OBJC_ISA_USAGE = YES_ERROR;
				CLANG_WARN_DOCUMENTATION_COMMENTS = YES;
				CLANG_WARN_EMPTY_BODY = YES;
				CLANG_WARN_ENUM_CONVERSION = YES;
				CLANG_WARN_INFINITE_RECURSION = YES;
				CLANG_WARN_INT_CONVERSION = YES;
				CLANG_WARN_NON_LITERAL_NULL_CONVERSION = YES;
				CLANG_WARN_OBJC_IMPLICIT_RETAIN_SELF = YES;
				CLANG_WARN_OBJC_LITERAL_CONVERSION = YES;
				CLANG_WARN_OBJC_ROOT_CLASS = YES_ERROR;
				CLANG_WARN_QUOTED_INCLUDE_IN_FRAMEWORK_HEADER = YES;
				CLANG_WARN_RANGE_LOOP_ANALYSIS = YES;
				CLANG_WARN_STRICT_PROTOTYPES = YES;
				CLANG_WARN_SUSPICIOUS_MOVE = YES;
				CLANG_WARN_UNGUARDED_AVAILABILITY = YES_AGGRESSIVE;
				CLANG_WARN_UNREACHABLE_CODE = YES;
				CLANG_WARN__DUPLICATE_METHOD_MATCH = YES;
				COPY_PHASE_STRIP = NO;
				DEBUG_INFORMATION_FORMAT = "dwarf-with-dsym";
				ENABLE_NS_ASSERTIONS = NO;
				ENABLE_STRICT_OBJC_MSGSEND = YES;
				FRAMEWORK_SEARCH_PATHS = "";
				GCC_C_LANGUAGE_STANDARD = gnu11;
				GCC_NO_COMMON_BLOCKS = YES;
				GCC_WARN_64_TO_32_BIT_CONVERSION = YES;
				GCC_WARN_ABOUT_RETURN_TYPE = YES_ERROR;
				GCC_WARN_UNDECLARED_SELECTOR = YES;
				GCC_WARN_UNINITIALIZED_AUTOS = YES_AGGRESSIVE;
				GCC_WARN_UNUSED_FUNCTION = YES;
				GCC_WARN_UNUSED_VARIABLE = YES;
				IPHONEOS_DEPLOYMENT_TARGET = 15.0;
				MTL_ENABLE_DEBUG_INFO = NO;
				MTL_FAST_MATH = YES;
				SDKROOT = iphoneos;
				SWIFT_COMPILATION_MODE = wholemodule;
				SWIFT_OPTIMIZATION_LEVEL = "-O";
				VALIDATE_PRODUCT = YES;
			};
			name = Release;
		};
		6848678E2798BAC80033969D /* Debug */ = {
			isa = XCBuildConfiguration;
			buildSettings = {
				ASSETCATALOG_COMPILER_APPICON_NAME = AppIcon;
				ASSETCATALOG_COMPILER_GLOBAL_ACCENT_COLOR_NAME = AccentColor;
				CODE_SIGN_ENTITLEMENTS = RoseGoldMarket/RoseGoldMarket.entitlements;
				CODE_SIGN_STYLE = Automatic;
				CURRENT_PROJECT_VERSION = 11;
				DEVELOPMENT_ASSET_PATHS = "\"RoseGoldMarket/Preview Content\"";
				DEVELOPMENT_TEAM = P2B946HD8M;
				ENABLE_PREVIEWS = YES;
				GENERATE_INFOPLIST_FILE = YES;
				INFOPLIST_FILE = RoseGoldMarket/Info.plist;
				INFOPLIST_KEY_NSFaceIDUsageDescription = "We want to make it easier to log you into your account.";
				INFOPLIST_KEY_NSLocationAlwaysAndWhenInUseUsageDescription = "To locate other plant dealers in your area.";
				INFOPLIST_KEY_NSLocationUsageDescription = "To locate other plant dealers in your area.";
				INFOPLIST_KEY_NSLocationWhenInUseUsageDescription = "To locate other plant dealers in your area.";
				INFOPLIST_KEY_UIApplicationSceneManifest_Generation = YES;
				INFOPLIST_KEY_UIApplicationSupportsIndirectInputEvents = YES;
				INFOPLIST_KEY_UISupportedInterfaceOrientations = UIInterfaceOrientationPortrait;
				INFOPLIST_KEY_UISupportedInterfaceOrientations_iPad = "UIInterfaceOrientationPortrait UIInterfaceOrientationPortraitUpsideDown UIInterfaceOrientationLandscapeLeft UIInterfaceOrientationLandscapeRight";
				INFOPLIST_KEY_UISupportedInterfaceOrientations_iPhone = "UIInterfaceOrientationPortrait UIInterfaceOrientationLandscapeLeft UIInterfaceOrientationLandscapeRight";
				LD_RUNPATH_SEARCH_PATHS = (
					"$(inherited)",
					"@executable_path/Frameworks",
				);
				MARKETING_VERSION = 2.0.2;
				PRODUCT_BUNDLE_IDENTIFIER = TechWorldSolutions.RoseGoldMarket;
				PRODUCT_NAME = "$(TARGET_NAME)";
				SWIFT_EMIT_LOC_STRINGS = YES;
				SWIFT_VERSION = 5.0;
				TARGETED_DEVICE_FAMILY = 1;
			};
			name = Debug;
		};
		6848678F2798BAC80033969D /* Release */ = {
			isa = XCBuildConfiguration;
			buildSettings = {
				ASSETCATALOG_COMPILER_APPICON_NAME = AppIcon;
				ASSETCATALOG_COMPILER_GLOBAL_ACCENT_COLOR_NAME = AccentColor;
				CODE_SIGN_ENTITLEMENTS = RoseGoldMarket/RoseGoldMarket.entitlements;
				CODE_SIGN_STYLE = Automatic;
				CURRENT_PROJECT_VERSION = 11;
				DEVELOPMENT_ASSET_PATHS = "\"RoseGoldMarket/Preview Content\"";
				DEVELOPMENT_TEAM = P2B946HD8M;
				ENABLE_PREVIEWS = YES;
				GENERATE_INFOPLIST_FILE = YES;
				INFOPLIST_FILE = RoseGoldMarket/Info.plist;
				INFOPLIST_KEY_NSFaceIDUsageDescription = "We want to make it easier to log you into your account.";
				INFOPLIST_KEY_NSLocationAlwaysAndWhenInUseUsageDescription = "To locate other plant dealers in your area.";
				INFOPLIST_KEY_NSLocationUsageDescription = "To locate other plant dealers in your area.";
				INFOPLIST_KEY_NSLocationWhenInUseUsageDescription = "To locate other plant dealers in your area.";
				INFOPLIST_KEY_UIApplicationSceneManifest_Generation = YES;
				INFOPLIST_KEY_UIApplicationSupportsIndirectInputEvents = YES;
				INFOPLIST_KEY_UISupportedInterfaceOrientations = UIInterfaceOrientationPortrait;
				INFOPLIST_KEY_UISupportedInterfaceOrientations_iPad = "UIInterfaceOrientationPortrait UIInterfaceOrientationPortraitUpsideDown UIInterfaceOrientationLandscapeLeft UIInterfaceOrientationLandscapeRight";
				INFOPLIST_KEY_UISupportedInterfaceOrientations_iPhone = "UIInterfaceOrientationPortrait UIInterfaceOrientationLandscapeLeft UIInterfaceOrientationLandscapeRight";
				LD_RUNPATH_SEARCH_PATHS = (
					"$(inherited)",
					"@executable_path/Frameworks",
				);
				MARKETING_VERSION = 2.0.2;
				PRODUCT_BUNDLE_IDENTIFIER = TechWorldSolutions.RoseGoldMarket;
				PRODUCT_NAME = "$(TARGET_NAME)";
				SWIFT_EMIT_LOC_STRINGS = YES;
				SWIFT_VERSION = 5.0;
				TARGETED_DEVICE_FAMILY = 1;
			};
			name = Release;
		};
/* End XCBuildConfiguration section */

/* Begin XCConfigurationList section */
		6848677A2798BAC70033969D /* Build configuration list for PBXProject "RoseGoldMarket" */ = {
			isa = XCConfigurationList;
			buildConfigurations = (
				6848678B2798BAC80033969D /* Debug */,
				6848678C2798BAC80033969D /* Release */,
			);
			defaultConfigurationIsVisible = 0;
			defaultConfigurationName = Release;
		};
		6848678D2798BAC80033969D /* Build configuration list for PBXNativeTarget "RoseGoldMarket" */ = {
			isa = XCConfigurationList;
			buildConfigurations = (
				6848678E2798BAC80033969D /* Debug */,
				6848678F2798BAC80033969D /* Release */,
			);
			defaultConfigurationIsVisible = 0;
			defaultConfigurationName = Release;
		};
/* End XCConfigurationList section */

/* Begin XCRemoteSwiftPackageReference section */
		68D1FC0C291B7CF9000EC54D /* XCRemoteSwiftPackageReference "facebook-ios-sdk" */ = {
			isa = XCRemoteSwiftPackageReference;
			repositoryURL = "https://github.com/facebook/facebook-ios-sdk";
			requirement = {
				kind = exactVersion;
				version = 15.1.0;
			};
		};
		68DFE8A127B4230F00190CD7 /* XCRemoteSwiftPackageReference "socket" */ = {
			isa = XCRemoteSwiftPackageReference;
			repositoryURL = "https://github.com/socketio/socket.io-client-swift";
			requirement = {
				branch = master;
				kind = branch;
			};
		};
/* End XCRemoteSwiftPackageReference section */

/* Begin XCSwiftPackageProductDependency section */
		68D1FC0D291B7CF9000EC54D /* FacebookShare */ = {
			isa = XCSwiftPackageProductDependency;
			package = 68D1FC0C291B7CF9000EC54D /* XCRemoteSwiftPackageReference "facebook-ios-sdk" */;
			productName = FacebookShare;
		};
		68DFE8A227B4230F00190CD7 /* SocketIO */ = {
			isa = XCSwiftPackageProductDependency;
			package = 68DFE8A127B4230F00190CD7 /* XCRemoteSwiftPackageReference "socket" */;
			productName = SocketIO;
		};
/* End XCSwiftPackageProductDependency section */
	};
	rootObject = 684867772798BAC70033969D /* Project object */;
}
